
Microsoft Visual Studio Solution File, Format Version 12.00
# Visual Studio 15
VisualStudioVersion = 15.0.28010.2046
MinimumVisualStudioVersion = 10.0.40219.1
Project("{FAE04EC0-301F-11D3-BF4B-00C04F79EFBC}") = "Sah", "Sah\Sah.csproj", "{84FC7703-B562-4D86-A329-0469884469A9}"
EndProject
Project("{FAE04EC0-301F-11D3-BF4B-00C04F79EFBC}") = "SahTests", "SahTests\SahTests.csproj", "{B8A68236-8095-4827-BA62-E3527BB58E25}"
EndProject
Global
	GlobalSection(SolutionConfigurationPlatforms) = preSolution
		Debug|Any CPU = Debug|Any CPU
		Release|Any CPU = Release|Any CPU
	EndGlobalSection
	GlobalSection(ProjectConfigurationPlatforms) = postSolution
		{84FC7703-B562-4D86-A329-0469884469A9}.Debug|Any CPU.ActiveCfg = Debug|Any CPU
		{84FC7703-B562-4D86-A329-0469884469A9}.Debug|Any CPU.Build.0 = Debug|Any CPU
		{84FC7703-B562-4D86-A329-0469884469A9}.Release|Any CPU.ActiveCfg = Release|Any CPU
		{84FC7703-B562-4D86-A329-0469884469A9}.Release|Any CPU.Build.0 = Release|Any CPU
		{B8A68236-8095-4827-BA62-E3527BB58E25}.Debug|Any CPU.ActiveCfg = Debug|Any CPU
		{B8A68236-8095-4827-BA62-E3527BB58E25}.Debug|Any CPU.Build.0 = Debug|Any CPU
		{B8A68236-8095-4827-BA62-E3527BB58E25}.Release|Any CPU.ActiveCfg = Release|Any CPU
		{B8A68236-8095-4827-BA62-E3527BB58E25}.Release|Any CPU.Build.0 = Release|Any CPU
	EndGlobalSection
	GlobalSection(SolutionProperties) = preSolution
		HideSolutionNode = FALSE
	EndGlobalSection
	GlobalSection(ExtensibilityGlobals) = postSolution
		SolutionGuid = {01B6013A-2911-48FD-85CF-A56771BF21A2}
	EndGlobalSection
EndGlobal
